
Microsoft Visual Studio Solution File, Format Version 12.00
# Visual Studio 15
VisualStudioVersion = 15.0.28307.168
MinimumVisualStudioVersion = 10.0.40219.1
Project("{2150E333-8FDC-42A3-9474-1A3956D46DE8}") = "Solution Items", "Solution Items", "{55BF8C7A-C544-4D46-95C9-9252869339A1}"
	ProjectSection(SolutionItems) = preProject
		Resources.Designer.t4 = Resources.Designer.t4
	EndProjectSection
EndProject
Project("{FAE04EC0-301F-11D3-BF4B-00C04F79EFBC}") = "Editor", "D365 Label Editor\Editor.csproj", "{6E89DBE8-FC58-4916-A024-53508EE4BB85}"
EndProject
Project("{FAE04EC0-301F-11D3-BF4B-00C04F79EFBC}") = "Translator", "GoogleTranslate\Translator.csproj", "{3F673A03-4581-4844-A0DD-A65D326C8474}"
EndProject
Project("{FAE04EC0-301F-11D3-BF4B-00C04F79EFBC}") = "VS Extension", "VS Extension\VS Extension.csproj", "{8E2E28B7-72A0-4E4C-9738-E15F47F07D77}"
EndProject
Project("{54435603-DBB4-11D2-8724-00A0C9A8B90C}") = "D365 Label Editor Setup", "Setup\Setup.vdproj", "{1D28DA35-B36E-4BEA-B112-718274D42874}"
EndProject
Global
	GlobalSection(SolutionConfigurationPlatforms) = preSolution
		Debug|Any CPU = Debug|Any CPU
		Release|Any CPU = Release|Any CPU
	EndGlobalSection
	GlobalSection(ProjectConfigurationPlatforms) = postSolution
		{6E89DBE8-FC58-4916-A024-53508EE4BB85}.Debug|Any CPU.ActiveCfg = Debug|Any CPU
		{6E89DBE8-FC58-4916-A024-53508EE4BB85}.Debug|Any CPU.Build.0 = Debug|Any CPU
		{6E89DBE8-FC58-4916-A024-53508EE4BB85}.Release|Any CPU.ActiveCfg = Release|Any CPU
		{6E89DBE8-FC58-4916-A024-53508EE4BB85}.Release|Any CPU.Build.0 = Release|Any CPU
		{3F673A03-4581-4844-A0DD-A65D326C8474}.Debug|Any CPU.ActiveCfg = Debug|Any CPU
		{3F673A03-4581-4844-A0DD-A65D326C8474}.Debug|Any CPU.Build.0 = Debug|Any CPU
		{3F673A03-4581-4844-A0DD-A65D326C8474}.Release|Any CPU.ActiveCfg = Release|Any CPU
		{3F673A03-4581-4844-A0DD-A65D326C8474}.Release|Any CPU.Build.0 = Release|Any CPU
		{8E2E28B7-72A0-4E4C-9738-E15F47F07D77}.Debug|Any CPU.ActiveCfg = Debug|Any CPU
		{8E2E28B7-72A0-4E4C-9738-E15F47F07D77}.Debug|Any CPU.Build.0 = Debug|Any CPU
		{8E2E28B7-72A0-4E4C-9738-E15F47F07D77}.Release|Any CPU.ActiveCfg = Release|Any CPU
		{8E2E28B7-72A0-4E4C-9738-E15F47F07D77}.Release|Any CPU.Build.0 = Release|Any CPU
		{1D28DA35-B36E-4BEA-B112-718274D42874}.Debug|Any CPU.ActiveCfg = Debug
		{1D28DA35-B36E-4BEA-B112-718274D42874}.Release|Any CPU.ActiveCfg = Release
	EndGlobalSection
	GlobalSection(SolutionProperties) = preSolution
		HideSolutionNode = FALSE
	EndGlobalSection
	GlobalSection(ExtensibilityGlobals) = postSolution
		SolutionGuid = {5E0DF716-7BE0-4974-B27E-3300DBD4DB3D}
	EndGlobalSection
EndGlobal
